
Microsoft Visual Studio Solution File, Format Version 12.00
# Visual Studio Version 16
VisualStudioVersion = 16.0.29403.142
MinimumVisualStudioVersion = 10.0.40219.1
Project("{2150E333-8FDC-42A3-9474-1A3956D46DE8}") = "Core", "Core", "{CB6833C5-1850-4A3D-8EB5-8D3CC0418314}"
EndProject
Project("{9A19103F-16F7-4668-BE54-9A1E7A4F7556}") = "Domain", "Domain\Domain.csproj", "{7EBAB311-60BD-4265-8BC6-5D725DD731FF}"
EndProject
Project("{9A19103F-16F7-4668-BE54-9A1E7A4F7556}") = "ApplicationLayer", "App\ApplicationLayer.csproj", "{5BC86BC5-721F-4DDA-9A59-09F6A8873FC4}"
EndProject
Project("{9A19103F-16F7-4668-BE54-9A1E7A4F7556}") = "LockStepBlazor", "LockStepBlazor\LockStepBlazor.csproj", "{D7A180B5-5902-41A4-B77A-BECA376093C0}"
EndProject
Project("{9A19103F-16F7-4668-BE54-9A1E7A4F7556}") = "PersistanceTests1", "PersistanceTests1\PersistanceTests1.csproj", "{E8F8232F-6C67-417E-8A32-921E34730F87}"
EndProject
Project("{9A19103F-16F7-4668-BE54-9A1E7A4F7556}") = "LockStepBlazorTests", "LockStepBlazorTests\LockStepBlazorTests.csproj", "{1123471F-6413-493C-A196-02F035272EDF}"
EndProject
Global
	GlobalSection(SolutionConfigurationPlatforms) = preSolution
		Debug|Any CPU = Debug|Any CPU
		Debug|ARM = Debug|ARM
		Debug|ARM64 = Debug|ARM64
		Debug|x64 = Debug|x64
		Debug|x86 = Debug|x86
		Release|Any CPU = Release|Any CPU
		Release|ARM = Release|ARM
		Release|ARM64 = Release|ARM64
		Release|x64 = Release|x64
		Release|x86 = Release|x86
	EndGlobalSection
	GlobalSection(ProjectConfigurationPlatforms) = postSolution
		{7EBAB311-60BD-4265-8BC6-5D725DD731FF}.Debug|Any CPU.ActiveCfg = Debug|Any CPU
		{7EBAB311-60BD-4265-8BC6-5D725DD731FF}.Debug|Any CPU.Build.0 = Debug|Any CPU
		{7EBAB311-60BD-4265-8BC6-5D725DD731FF}.Debug|ARM.ActiveCfg = Debug|Any CPU
		{7EBAB311-60BD-4265-8BC6-5D725DD731FF}.Debug|ARM.Build.0 = Debug|Any CPU
		{7EBAB311-60BD-4265-8BC6-5D725DD731FF}.Debug|ARM64.ActiveCfg = Debug|Any CPU
		{7EBAB311-60BD-4265-8BC6-5D725DD731FF}.Debug|ARM64.Build.0 = Debug|Any CPU
		{7EBAB311-60BD-4265-8BC6-5D725DD731FF}.Debug|x64.ActiveCfg = Debug|Any CPU
		{7EBAB311-60BD-4265-8BC6-5D725DD731FF}.Debug|x64.Build.0 = Debug|Any CPU
		{7EBAB311-60BD-4265-8BC6-5D725DD731FF}.Debug|x86.ActiveCfg = Debug|Any CPU
		{7EBAB311-60BD-4265-8BC6-5D725DD731FF}.Debug|x86.Build.0 = Debug|Any CPU
		{7EBAB311-60BD-4265-8BC6-5D725DD731FF}.Release|Any CPU.ActiveCfg = Release|Any CPU
		{7EBAB311-60BD-4265-8BC6-5D725DD731FF}.Release|Any CPU.Build.0 = Release|Any CPU
		{7EBAB311-60BD-4265-8BC6-5D725DD731FF}.Release|ARM.ActiveCfg = Release|Any CPU
		{7EBAB311-60BD-4265-8BC6-5D725DD731FF}.Release|ARM.Build.0 = Release|Any CPU
		{7EBAB311-60BD-4265-8BC6-5D725DD731FF}.Release|ARM64.ActiveCfg = Release|Any CPU
		{7EBAB311-60BD-4265-8BC6-5D725DD731FF}.Release|ARM64.Build.0 = Release|Any CPU
		{7EBAB311-60BD-4265-8BC6-5D725DD731FF}.Release|x64.ActiveCfg = Release|Any CPU
		{7EBAB311-60BD-4265-8BC6-5D725DD731FF}.Release|x64.Build.0 = Release|Any CPU
		{7EBAB311-60BD-4265-8BC6-5D725DD731FF}.Release|x86.ActiveCfg = Release|Any CPU
		{7EBAB311-60BD-4265-8BC6-5D725DD731FF}.Release|x86.Build.0 = Release|Any CPU
		{5BC86BC5-721F-4DDA-9A59-09F6A8873FC4}.Debug|Any CPU.ActiveCfg = Debug|Any CPU
		{5BC86BC5-721F-4DDA-9A59-09F6A8873FC4}.Debug|Any CPU.Build.0 = Debug|Any CPU
		{5BC86BC5-721F-4DDA-9A59-09F6A8873FC4}.Debug|ARM.ActiveCfg = Debug|Any CPU
		{5BC86BC5-721F-4DDA-9A59-09F6A8873FC4}.Debug|ARM.Build.0 = Debug|Any CPU
		{5BC86BC5-721F-4DDA-9A59-09F6A8873FC4}.Debug|ARM64.ActiveCfg = Debug|Any CPU
		{5BC86BC5-721F-4DDA-9A59-09F6A8873FC4}.Debug|ARM64.Build.0 = Debug|Any CPU
		{5BC86BC5-721F-4DDA-9A59-09F6A8873FC4}.Debug|x64.ActiveCfg = Debug|Any CPU
		{5BC86BC5-721F-4DDA-9A59-09F6A8873FC4}.Debug|x64.Build.0 = Debug|Any CPU
		{5BC86BC5-721F-4DDA-9A59-09F6A8873FC4}.Debug|x86.ActiveCfg = Debug|Any CPU
		{5BC86BC5-721F-4DDA-9A59-09F6A8873FC4}.Debug|x86.Build.0 = Debug|Any CPU
		{5BC86BC5-721F-4DDA-9A59-09F6A8873FC4}.Release|Any CPU.ActiveCfg = Release|Any CPU
		{5BC86BC5-721F-4DDA-9A59-09F6A8873FC4}.Release|Any CPU.Build.0 = Release|Any CPU
		{5BC86BC5-721F-4DDA-9A59-09F6A8873FC4}.Release|ARM.ActiveCfg = Release|Any CPU
		{5BC86BC5-721F-4DDA-9A59-09F6A8873FC4}.Release|ARM.Build.0 = Release|Any CPU
		{5BC86BC5-721F-4DDA-9A59-09F6A8873FC4}.Release|ARM64.ActiveCfg = Release|Any CPU
		{5BC86BC5-721F-4DDA-9A59-09F6A8873FC4}.Release|ARM64.Build.0 = Release|Any CPU
		{5BC86BC5-721F-4DDA-9A59-09F6A8873FC4}.Release|x64.ActiveCfg = Release|Any CPU
		{5BC86BC5-721F-4DDA-9A59-09F6A8873FC4}.Release|x64.Build.0 = Release|Any CPU
		{5BC86BC5-721F-4DDA-9A59-09F6A8873FC4}.Release|x86.ActiveCfg = Release|Any CPU
		{5BC86BC5-721F-4DDA-9A59-09F6A8873FC4}.Release|x86.Build.0 = Release|Any CPU
		{D7A180B5-5902-41A4-B77A-BECA376093C0}.Debug|Any CPU.ActiveCfg = Debug|Any CPU
		{D7A180B5-5902-41A4-B77A-BECA376093C0}.Debug|Any CPU.Build.0 = Debug|Any CPU
		{D7A180B5-5902-41A4-B77A-BECA376093C0}.Debug|ARM.ActiveCfg = Debug|Any CPU
		{D7A180B5-5902-41A4-B77A-BECA376093C0}.Debug|ARM.Build.0 = Debug|Any CPU
		{D7A180B5-5902-41A4-B77A-BECA376093C0}.Debug|ARM64.ActiveCfg = Debug|Any CPU
		{D7A180B5-5902-41A4-B77A-BECA376093C0}.Debug|ARM64.Build.0 = Debug|Any CPU
		{D7A180B5-5902-41A4-B77A-BECA376093C0}.Debug|x64.ActiveCfg = Debug|Any CPU
		{D7A180B5-5902-41A4-B77A-BECA376093C0}.Debug|x64.Build.0 = Debug|Any CPU
		{D7A180B5-5902-41A4-B77A-BECA376093C0}.Debug|x86.ActiveCfg = Debug|Any CPU
		{D7A180B5-5902-41A4-B77A-BECA376093C0}.Debug|x86.Build.0 = Debug|Any CPU
		{D7A180B5-5902-41A4-B77A-BECA376093C0}.Release|Any CPU.ActiveCfg = Release|Any CPU
		{D7A180B5-5902-41A4-B77A-BECA376093C0}.Release|Any CPU.Build.0 = Release|Any CPU
		{D7A180B5-5902-41A4-B77A-BECA376093C0}.Release|ARM.ActiveCfg = Release|Any CPU
		{D7A180B5-5902-41A4-B77A-BECA376093C0}.Release|ARM.Build.0 = Release|Any CPU
		{D7A180B5-5902-41A4-B77A-BECA376093C0}.Release|ARM64.ActiveCfg = Release|Any CPU
		{D7A180B5-5902-41A4-B77A-BECA376093C0}.Release|ARM64.Build.0 = Release|Any CPU
		{D7A180B5-5902-41A4-B77A-BECA376093C0}.Release|x64.ActiveCfg = Release|Any CPU
		{D7A180B5-5902-41A4-B77A-BECA376093C0}.Release|x64.Build.0 = Release|Any CPU
		{D7A180B5-5902-41A4-B77A-BECA376093C0}.Release|x86.ActiveCfg = Release|Any CPU
		{D7A180B5-5902-41A4-B77A-BECA376093C0}.Release|x86.Build.0 = Release|Any CPU
		{E8F8232F-6C67-417E-8A32-921E34730F87}.Debug|Any CPU.ActiveCfg = Debug|Any CPU
		{E8F8232F-6C67-417E-8A32-921E34730F87}.Debug|Any CPU.Build.0 = Debug|Any CPU
		{E8F8232F-6C67-417E-8A32-921E34730F87}.Debug|ARM.ActiveCfg = Debug|Any CPU
		{E8F8232F-6C67-417E-8A32-921E34730F87}.Debug|ARM.Build.0 = Debug|Any CPU
		{E8F8232F-6C67-417E-8A32-921E34730F87}.Debug|ARM64.ActiveCfg = Debug|Any CPU
		{E8F8232F-6C67-417E-8A32-921E34730F87}.Debug|ARM64.Build.0 = Debug|Any CPU
		{E8F8232F-6C67-417E-8A32-921E34730F87}.Debug|x64.ActiveCfg = Debug|Any CPU
		{E8F8232F-6C67-417E-8A32-921E34730F87}.Debug|x64.Build.0 = Debug|Any CPU
		{E8F8232F-6C67-417E-8A32-921E34730F87}.Debug|x86.ActiveCfg = Debug|Any CPU
		{E8F8232F-6C67-417E-8A32-921E34730F87}.Debug|x86.Build.0 = Debug|Any CPU
		{E8F8232F-6C67-417E-8A32-921E34730F87}.Release|Any CPU.ActiveCfg = Release|Any CPU
		{E8F8232F-6C67-417E-8A32-921E34730F87}.Release|Any CPU.Build.0 = Release|Any CPU
		{E8F8232F-6C67-417E-8A32-921E34730F87}.Release|ARM.ActiveCfg = Release|Any CPU
		{E8F8232F-6C67-417E-8A32-921E34730F87}.Release|ARM.Build.0 = Release|Any CPU
		{E8F8232F-6C67-417E-8A32-921E34730F87}.Release|ARM64.ActiveCfg = Release|Any CPU
		{E8F8232F-6C67-417E-8A32-921E34730F87}.Release|ARM64.Build.0 = Release|Any CPU
		{E8F8232F-6C67-417E-8A32-921E34730F87}.Release|x64.ActiveCfg = Release|Any CPU
		{E8F8232F-6C67-417E-8A32-921E34730F87}.Release|x64.Build.0 = Release|Any CPU
		{E8F8232F-6C67-417E-8A32-921E34730F87}.Release|x86.ActiveCfg = Release|Any CPU
		{E8F8232F-6C67-417E-8A32-921E34730F87}.Release|x86.Build.0 = Release|Any CPU
		{1123471F-6413-493C-A196-02F035272EDF}.Debug|Any CPU.ActiveCfg = Debug|Any CPU
		{1123471F-6413-493C-A196-02F035272EDF}.Debug|Any CPU.Build.0 = Debug|Any CPU
		{1123471F-6413-493C-A196-02F035272EDF}.Debug|ARM.ActiveCfg = Debug|Any CPU
		{1123471F-6413-493C-A196-02F035272EDF}.Debug|ARM.Build.0 = Debug|Any CPU
		{1123471F-6413-493C-A196-02F035272EDF}.Debug|ARM64.ActiveCfg = Debug|Any CPU
		{1123471F-6413-493C-A196-02F035272EDF}.Debug|ARM64.Build.0 = Debug|Any CPU
		{1123471F-6413-493C-A196-02F035272EDF}.Debug|x64.ActiveCfg = Debug|Any CPU
		{1123471F-6413-493C-A196-02F035272EDF}.Debug|x64.Build.0 = Debug|Any CPU
		{1123471F-6413-493C-A196-02F035272EDF}.Debug|x86.ActiveCfg = Debug|Any CPU
		{1123471F-6413-493C-A196-02F035272EDF}.Debug|x86.Build.0 = Debug|Any CPU
		{1123471F-6413-493C-A196-02F035272EDF}.Release|Any CPU.ActiveCfg = Release|Any CPU
		{1123471F-6413-493C-A196-02F035272EDF}.Release|Any CPU.Build.0 = Release|Any CPU
		{1123471F-6413-493C-A196-02F035272EDF}.Release|ARM.ActiveCfg = Release|Any CPU
		{1123471F-6413-493C-A196-02F035272EDF}.Release|ARM.Build.0 = Release|Any CPU
		{1123471F-6413-493C-A196-02F035272EDF}.Release|ARM64.ActiveCfg = Release|Any CPU
		{1123471F-6413-493C-A196-02F035272EDF}.Release|ARM64.Build.0 = Release|Any CPU
		{1123471F-6413-493C-A196-02F035272EDF}.Release|x64.ActiveCfg = Release|Any CPU
		{1123471F-6413-493C-A196-02F035272EDF}.Release|x64.Build.0 = Release|Any CPU
		{1123471F-6413-493C-A196-02F035272EDF}.Release|x86.ActiveCfg = Release|Any CPU
		{1123471F-6413-493C-A196-02F035272EDF}.Release|x86.Build.0 = Release|Any CPU
	EndGlobalSection
	GlobalSection(SolutionProperties) = preSolution
		HideSolutionNode = FALSE
	EndGlobalSection
	GlobalSection(NestedProjects) = preSolution
		{7EBAB311-60BD-4265-8BC6-5D725DD731FF} = {CB6833C5-1850-4A3D-8EB5-8D3CC0418314}
		{5BC86BC5-721F-4DDA-9A59-09F6A8873FC4} = {CB6833C5-1850-4A3D-8EB5-8D3CC0418314}
	EndGlobalSection
	GlobalSection(ExtensibilityGlobals) = postSolution
		SolutionGuid = {7C186A59-096C-409C-9B1E-D8452E7EB564}
	EndGlobalSection
EndGlobal
